// !$*UTF8*$!
{
	archiveVersion = 1;
	classes = {
	};
	objectVersion = 56;
	objects = {

/* Begin PBXBuildFile section */
		3E032D592935E2BB00F00DDB /* LogoView.swift in Sources */ = {isa = PBXBuildFile; fileRef = 3E032D582935E2BB00F00DDB /* LogoView.swift */; };
		3E032D5B2935EF3900F00DDB /* PlayerModel.swift in Sources */ = {isa = PBXBuildFile; fileRef = 3E032D5A2935EF3900F00DDB /* PlayerModel.swift */; };
		3E032D5D2935EF9D00F00DDB /* CodableBundleExtension.swift in Sources */ = {isa = PBXBuildFile; fileRef = 3E032D5C2935EF9D00F00DDB /* CodableBundleExtension.swift */; };
		3E032D5F2935F0DB00F00DDB /* FeaturedItemView.swift in Sources */ = {isa = PBXBuildFile; fileRef = 3E032D5E2935F0DB00F00DDB /* FeaturedItemView.swift */; };
		3E032D612935F19700F00DDB /* FeaturedTabView.swift in Sources */ = {isa = PBXBuildFile; fileRef = 3E032D602935F19700F00DDB /* FeaturedTabView.swift */; };
		3E4488D42936C3570098891C /* CategoryModel.swift in Sources */ = {isa = PBXBuildFile; fileRef = 3E4488D32936C3570098891C /* CategoryModel.swift */; };
		3E4488D62936C4370098891C /* CategoryItemView.swift in Sources */ = {isa = PBXBuildFile; fileRef = 3E4488D52936C4370098891C /* CategoryItemView.swift */; };
		3E4488D82936C6D40098891C /* CategoryGirdView.swift in Sources */ = {isa = PBXBuildFile; fileRef = 3E4488D72936C6D40098891C /* CategoryGirdView.swift */; };
		3E4488DA2936CE560098891C /* SectionView.swift in Sources */ = {isa = PBXBuildFile; fileRef = 3E4488D92936CE560098891C /* SectionView.swift */; };
		3E4488DC29380CF70098891C /* TitleView.swift in Sources */ = {isa = PBXBuildFile; fileRef = 3E4488DB29380CF70098891C /* TitleView.swift */; };
		3E4488DE29380E9C0098891C /* ProductModel.swift in Sources */ = {isa = PBXBuildFile; fileRef = 3E4488DD29380E9C0098891C /* ProductModel.swift */; };
		3E4488E029380F5A0098891C /* ProductItemView.swift in Sources */ = {isa = PBXBuildFile; fileRef = 3E4488DF29380F5A0098891C /* ProductItemView.swift */; };
		3E4488E229387D040098891C /* Brand.swift in Sources */ = {isa = PBXBuildFile; fileRef = 3E4488E129387D040098891C /* Brand.swift */; };
		3E4488E429387E600098891C /* BrandItemView.swift in Sources */ = {isa = PBXBuildFile; fileRef = 3E4488E329387E600098891C /* BrandItemView.swift */; };
		3E4488E629387F180098891C /* BrandGridView.swift in Sources */ = {isa = PBXBuildFile; fileRef = 3E4488E529387F180098891C /* BrandGridView.swift */; };
		3E4488E82938808D0098891C /* ProductDetailView.swift in Sources */ = {isa = PBXBuildFile; fileRef = 3E4488E72938808D0098891C /* ProductDetailView.swift */; };
		3E4488EA293882520098891C /* NavigationBarDetailView.swift in Sources */ = {isa = PBXBuildFile; fileRef = 3E4488E9293882520098891C /* NavigationBarDetailView.swift */; };
		3E4488EE293883D60098891C /* HeaderDetilView.swift in Sources */ = {isa = PBXBuildFile; fileRef = 3E4488ED293883D60098891C /* HeaderDetilView.swift */; };
		3E4488F0293884AE0098891C /* TopPartDetailView.swift in Sources */ = {isa = PBXBuildFile; fileRef = 3E4488EF293884AE0098891C /* TopPartDetailView.swift */; };
		3EEB46062934A364004A2D75 /* TouchDown_mainApp.swift in Sources */ = {isa = PBXBuildFile; fileRef = 3EEB46052934A364004A2D75 /* TouchDown_mainApp.swift */; };
		3EEB46082934A364004A2D75 /* ContentView.swift in Sources */ = {isa = PBXBuildFile; fileRef = 3EEB46072934A364004A2D75 /* ContentView.swift */; };
		3EEB460A2934A365004A2D75 /* Assets.xcassets in Resources */ = {isa = PBXBuildFile; fileRef = 3EEB46092934A365004A2D75 /* Assets.xcassets */; };
		3EEB460D2934A365004A2D75 /* Preview Assets.xcassets in Resources */ = {isa = PBXBuildFile; fileRef = 3EEB460C2934A365004A2D75 /* Preview Assets.xcassets */; };
		3EEB46172934A61F004A2D75 /* player.json in Resources */ = {isa = PBXBuildFile; fileRef = 3EEB46132934A61F004A2D75 /* player.json */; };
		3EEB46182934A61F004A2D75 /* product.json in Resources */ = {isa = PBXBuildFile; fileRef = 3EEB46142934A61F004A2D75 /* product.json */; };
		3EEB46192934A61F004A2D75 /* category.json in Resources */ = {isa = PBXBuildFile; fileRef = 3EEB46152934A61F004A2D75 /* category.json */; };
		3EEB461A2934A61F004A2D75 /* brand.json in Resources */ = {isa = PBXBuildFile; fileRef = 3EEB46162934A61F004A2D75 /* brand.json */; };
		3EEB46262934AC08004A2D75 /* Constant.swift in Sources */ = {isa = PBXBuildFile; fileRef = 3EEB46252934AC08004A2D75 /* Constant.swift */; };
		3EEB46282934AC76004A2D75 /* FooterView.swift in Sources */ = {isa = PBXBuildFile; fileRef = 3EEB46272934AC76004A2D75 /* FooterView.swift */; };
		3EEB46472935D617004A2D75 /* NavigationBarView.swift in Sources */ = {isa = PBXBuildFile; fileRef = 3EEB46462935D617004A2D75 /* NavigationBarView.swift */; };
/* End PBXBuildFile section */

/* Begin PBXFileReference section */
		3E032D582935E2BB00F00DDB /* LogoView.swift */ = {isa = PBXFileReference; lastKnownFileType = sourcecode.swift; path = LogoView.swift; sourceTree = "<group>"; };
		3E032D5A2935EF3900F00DDB /* PlayerModel.swift */ = {isa = PBXFileReference; lastKnownFileType = sourcecode.swift; path = PlayerModel.swift; sourceTree = "<group>"; };
		3E032D5C2935EF9D00F00DDB /* CodableBundleExtension.swift */ = {isa = PBXFileReference; lastKnownFileType = sourcecode.swift; path = CodableBundleExtension.swift; sourceTree = "<group>"; };
		3E032D5E2935F0DB00F00DDB /* FeaturedItemView.swift */ = {isa = PBXFileReference; lastKnownFileType = sourcecode.swift; path = FeaturedItemView.swift; sourceTree = "<group>"; };
		3E032D602935F19700F00DDB /* FeaturedTabView.swift */ = {isa = PBXFileReference; lastKnownFileType = sourcecode.swift; path = FeaturedTabView.swift; sourceTree = "<group>"; };
		3E4488D32936C3570098891C /* CategoryModel.swift */ = {isa = PBXFileReference; lastKnownFileType = sourcecode.swift; path = CategoryModel.swift; sourceTree = "<group>"; };
		3E4488D52936C4370098891C /* CategoryItemView.swift */ = {isa = PBXFileReference; lastKnownFileType = sourcecode.swift; path = CategoryItemView.swift; sourceTree = "<group>"; };
		3E4488D72936C6D40098891C /* CategoryGirdView.swift */ = {isa = PBXFileReference; lastKnownFileType = sourcecode.swift; path = CategoryGirdView.swift; sourceTree = "<group>"; };
		3E4488D92936CE560098891C /* SectionView.swift */ = {isa = PBXFileReference; lastKnownFileType = sourcecode.swift; path = SectionView.swift; sourceTree = "<group>"; };
		3E4488DB29380CF70098891C /* TitleView.swift */ = {isa = PBXFileReference; lastKnownFileType = sourcecode.swift; path = TitleView.swift; sourceTree = "<group>"; };
		3E4488DD29380E9C0098891C /* ProductModel.swift */ = {isa = PBXFileReference; lastKnownFileType = sourcecode.swift; path = ProductModel.swift; sourceTree = "<group>"; };
		3E4488DF29380F5A0098891C /* ProductItemView.swift */ = {isa = PBXFileReference; lastKnownFileType = sourcecode.swift; path = ProductItemView.swift; sourceTree = "<group>"; };
		3E4488E129387D040098891C /* Brand.swift */ = {isa = PBXFileReference; lastKnownFileType = sourcecode.swift; path = Brand.swift; sourceTree = "<group>"; };
		3E4488E329387E600098891C /* BrandItemView.swift */ = {isa = PBXFileReference; lastKnownFileType = sourcecode.swift; path = BrandItemView.swift; sourceTree = "<group>"; };
		3E4488E529387F180098891C /* BrandGridView.swift */ = {isa = PBXFileReference; lastKnownFileType = sourcecode.swift; path = BrandGridView.swift; sourceTree = "<group>"; };
		3E4488E72938808D0098891C /* ProductDetailView.swift */ = {isa = PBXFileReference; lastKnownFileType = sourcecode.swift; path = ProductDetailView.swift; sourceTree = "<group>"; };
		3E4488E9293882520098891C /* NavigationBarDetailView.swift */ = {isa = PBXFileReference; lastKnownFileType = sourcecode.swift; path = NavigationBarDetailView.swift; sourceTree = "<group>"; };
		3E4488ED293883D60098891C /* HeaderDetilView.swift */ = {isa = PBXFileReference; lastKnownFileType = sourcecode.swift; path = HeaderDetilView.swift; sourceTree = "<group>"; };
		3E4488EF293884AE0098891C /* TopPartDetailView.swift */ = {isa = PBXFileReference; lastKnownFileType = sourcecode.swift; path = TopPartDetailView.swift; sourceTree = "<group>"; };
		3EEB46022934A364004A2D75 /* TouchDown-main.app */ = {isa = PBXFileReference; explicitFileType = wrapper.application; includeInIndex = 0; path = "TouchDown-main.app"; sourceTree = BUILT_PRODUCTS_DIR; };
		3EEB46052934A364004A2D75 /* TouchDown_mainApp.swift */ = {isa = PBXFileReference; lastKnownFileType = sourcecode.swift; path = TouchDown_mainApp.swift; sourceTree = "<group>"; };
		3EEB46072934A364004A2D75 /* ContentView.swift */ = {isa = PBXFileReference; lastKnownFileType = sourcecode.swift; path = ContentView.swift; sourceTree = "<group>"; };
		3EEB46092934A365004A2D75 /* Assets.xcassets */ = {isa = PBXFileReference; lastKnownFileType = folder.assetcatalog; path = Assets.xcassets; sourceTree = "<group>"; };
		3EEB460C2934A365004A2D75 /* Preview Assets.xcassets */ = {isa = PBXFileReference; lastKnownFileType = folder.assetcatalog; path = "Preview Assets.xcassets"; sourceTree = "<group>"; };
		3EEB46132934A61F004A2D75 /* player.json */ = {isa = PBXFileReference; fileEncoding = 4; lastKnownFileType = text.json; path = player.json; sourceTree = "<group>"; };
		3EEB46142934A61F004A2D75 /* product.json */ = {isa = PBXFileReference; fileEncoding = 4; lastKnownFileType = text.json; path = product.json; sourceTree = "<group>"; };
		3EEB46152934A61F004A2D75 /* category.json */ = {isa = PBXFileReference; fileEncoding = 4; lastKnownFileType = text.json; path = category.json; sourceTree = "<group>"; };
		3EEB46162934A61F004A2D75 /* brand.json */ = {isa = PBXFileReference; fileEncoding = 4; lastKnownFileType = text.json; path = brand.json; sourceTree = "<group>"; };
		3EEB461D2934A694004A2D75 /* Info.plist */ = {isa = PBXFileReference; lastKnownFileType = text.plist; path = Info.plist; sourceTree = "<group>"; };
		3EEB46252934AC08004A2D75 /* Constant.swift */ = {isa = PBXFileReference; lastKnownFileType = sourcecode.swift; path = Constant.swift; sourceTree = "<group>"; };
		3EEB46272934AC76004A2D75 /* FooterView.swift */ = {isa = PBXFileReference; lastKnownFileType = sourcecode.swift; path = FooterView.swift; sourceTree = "<group>"; };
		3EEB46462935D617004A2D75 /* NavigationBarView.swift */ = {isa = PBXFileReference; lastKnownFileType = sourcecode.swift; path = NavigationBarView.swift; sourceTree = "<group>"; };
/* End PBXFileReference section */

/* Begin PBXFrameworksBuildPhase section */
		3EEB45FF2934A364004A2D75 /* Frameworks */ = {
			isa = PBXFrameworksBuildPhase;
			buildActionMask = 2147483647;
			files = (
			);
			runOnlyForDeploymentPostprocessing = 0;
		};
/* End PBXFrameworksBuildPhase section */

/* Begin PBXGroup section */
		3EEB45F92934A364004A2D75 = {
			isa = PBXGroup;
			children = (
				3EEB46042934A364004A2D75 /* TouchDown-main */,
				3EEB46032934A364004A2D75 /* Products */,
			);
			sourceTree = "<group>";
		};
		3EEB46032934A364004A2D75 /* Products */ = {
			isa = PBXGroup;
			children = (
				3EEB46022934A364004A2D75 /* TouchDown-main.app */,
			);
			name = Products;
			sourceTree = "<group>";
		};
		3EEB46042934A364004A2D75 /* TouchDown-main */ = {
			isa = PBXGroup;
			children = (
				3EEB46242934ABBB004A2D75 /* App */,
				3EEB461C2934A644004A2D75 /* Data */,
				3EEB46212934AB7F004A2D75 /* Model */,
				3EEB46202934AB5D004A2D75 /* Extension */,
				3EEB461F2934AB4D004A2D75 /* Utility */,
				3EEB461E2934AB34004A2D75 /* View */,
				3EEB461D2934A694004A2D75 /* Info.plist */,
				3EEB46092934A365004A2D75 /* Assets.xcassets */,
				3EEB460B2934A365004A2D75 /* Preview Content */,
			);
			path = "TouchDown-main";
			sourceTree = "<group>";
		};
		3EEB460B2934A365004A2D75 /* Preview Content */ = {
			isa = PBXGroup;
			children = (
				3EEB460C2934A365004A2D75 /* Preview Assets.xcassets */,
			);
			path = "Preview Content";
			sourceTree = "<group>";
		};
		3EEB461C2934A644004A2D75 /* Data */ = {
			isa = PBXGroup;
			children = (
				3EEB46162934A61F004A2D75 /* brand.json */,
				3EEB46152934A61F004A2D75 /* category.json */,
				3EEB46132934A61F004A2D75 /* player.json */,
				3EEB46142934A61F004A2D75 /* product.json */,
			);
			path = Data;
			sourceTree = "<group>";
		};
		3EEB461E2934AB34004A2D75 /* View */ = {
			isa = PBXGroup;
			children = (
				3EEB46232934AB9F004A2D75 /* Home */,
				3EEB46222934AB97004A2D75 /* Detail */,
			);
			path = View;
			sourceTree = "<group>";
		};
		3EEB461F2934AB4D004A2D75 /* Utility */ = {
			isa = PBXGroup;
			children = (
				3EEB46252934AC08004A2D75 /* Constant.swift */,
			);
			path = Utility;
			sourceTree = "<group>";
		};
		3EEB46202934AB5D004A2D75 /* Extension */ = {
			isa = PBXGroup;
			children = (
				3E032D5C2935EF9D00F00DDB /* CodableBundleExtension.swift */,
			);
			path = Extension;
			sourceTree = "<group>";
		};
		3EEB46212934AB7F004A2D75 /* Model */ = {
			isa = PBXGroup;
			children = (
				3E032D5A2935EF3900F00DDB /* PlayerModel.swift */,
				3E4488D32936C3570098891C /* CategoryModel.swift */,
				3E4488DD29380E9C0098891C /* ProductModel.swift */,
				3E4488E129387D040098891C /* Brand.swift */,
			);
			path = Model;
			sourceTree = "<group>";
		};
		3EEB46222934AB97004A2D75 /* Detail */ = {
			isa = PBXGroup;
			children = (
				3E4488E9293882520098891C /* NavigationBarDetailView.swift */,
				3E4488ED293883D60098891C /* HeaderDetilView.swift */,
				3E4488EF293884AE0098891C /* TopPartDetailView.swift */,
			);
			path = Detail;
			sourceTree = "<group>";
		};
		3EEB46232934AB9F004A2D75 /* Home */ = {
			isa = PBXGroup;
			children = (
				3EEB46272934AC76004A2D75 /* FooterView.swift */,
				3EEB46462935D617004A2D75 /* NavigationBarView.swift */,
				3E032D582935E2BB00F00DDB /* LogoView.swift */,
				3E032D5E2935F0DB00F00DDB /* FeaturedItemView.swift */,
				3E032D602935F19700F00DDB /* FeaturedTabView.swift */,
				3E4488D52936C4370098891C /* CategoryItemView.swift */,
				3E4488D72936C6D40098891C /* CategoryGirdView.swift */,
				3E4488D92936CE560098891C /* SectionView.swift */,
				3E4488DB29380CF70098891C /* TitleView.swift */,
				3E4488DF29380F5A0098891C /* ProductItemView.swift */,
				3E4488E329387E600098891C /* BrandItemView.swift */,
				3E4488E529387F180098891C /* BrandGridView.swift */,
				3E4488E72938808D0098891C /* ProductDetailView.swift */,
			);
			path = Home;
			sourceTree = "<group>";
		};
		3EEB46242934ABBB004A2D75 /* App */ = {
			isa = PBXGroup;
			children = (
				3EEB46052934A364004A2D75 /* TouchDown_mainApp.swift */,
				3EEB46072934A364004A2D75 /* ContentView.swift */,
			);
			path = App;
			sourceTree = "<group>";
		};
/* End PBXGroup section */

/* Begin PBXNativeTarget section */
		3EEB46012934A364004A2D75 /* TouchDown-main */ = {
			isa = PBXNativeTarget;
			buildConfigurationList = 3EEB46102934A365004A2D75 /* Build configuration list for PBXNativeTarget "TouchDown-main" */;
			buildPhases = (
				3EEB45FE2934A364004A2D75 /* Sources */,
				3EEB45FF2934A364004A2D75 /* Frameworks */,
				3EEB46002934A364004A2D75 /* Resources */,
			);
			buildRules = (
			);
			dependencies = (
			);
			name = "TouchDown-main";
			productName = "TouchDown-main";
			productReference = 3EEB46022934A364004A2D75 /* TouchDown-main.app */;
			productType = "com.apple.product-type.application";
		};
/* End PBXNativeTarget section */

/* Begin PBXProject section */
		3EEB45FA2934A364004A2D75 /* Project object */ = {
			isa = PBXProject;
			attributes = {
				BuildIndependentTargetsInParallel = 1;
				LastSwiftUpdateCheck = 1410;
				LastUpgradeCheck = 1410;
				TargetAttributes = {
					3EEB46012934A364004A2D75 = {
						CreatedOnToolsVersion = 14.1;
					};
				};
			};
			buildConfigurationList = 3EEB45FD2934A364004A2D75 /* Build configuration list for PBXProject "TouchDown-main" */;
			compatibilityVersion = "Xcode 14.0";
			developmentRegion = en;
			hasScannedForEncodings = 0;
			knownRegions = (
				en,
				Base,
			);
			mainGroup = 3EEB45F92934A364004A2D75;
			productRefGroup = 3EEB46032934A364004A2D75 /* Products */;
			projectDirPath = "";
			projectRoot = "";
			targets = (
				3EEB46012934A364004A2D75 /* TouchDown-main */,
			);
		};
/* End PBXProject section */

/* Begin PBXResourcesBuildPhase section */
		3EEB46002934A364004A2D75 /* Resources */ = {
			isa = PBXResourcesBuildPhase;
			buildActionMask = 2147483647;
			files = (
				3EEB46172934A61F004A2D75 /* player.json in Resources */,
				3EEB46182934A61F004A2D75 /* product.json in Resources */,
				3EEB46192934A61F004A2D75 /* category.json in Resources */,
				3EEB460D2934A365004A2D75 /* Preview Assets.xcassets in Resources */,
				3EEB460A2934A365004A2D75 /* Assets.xcassets in Resources */,
				3EEB461A2934A61F004A2D75 /* brand.json in Resources */,
			);
			runOnlyForDeploymentPostprocessing = 0;
		};
/* End PBXResourcesBuildPhase section */

/* Begin PBXSourcesBuildPhase section */
		3EEB45FE2934A364004A2D75 /* Sources */ = {
			isa = PBXSourcesBuildPhase;
			buildActionMask = 2147483647;
			files = (
				3E032D5D2935EF9D00F00DDB /* CodableBundleExtension.swift in Sources */,
				3E4488E229387D040098891C /* Brand.swift in Sources */,
				3E4488F0293884AE0098891C /* TopPartDetailView.swift in Sources */,
				3EEB46082934A364004A2D75 /* ContentView.swift in Sources */,
				3E032D592935E2BB00F00DDB /* LogoView.swift in Sources */,
				3EEB46282934AC76004A2D75 /* FooterView.swift in Sources */,
				3E032D5F2935F0DB00F00DDB /* FeaturedItemView.swift in Sources */,
				3E4488E629387F180098891C /* BrandGridView.swift in Sources */,
				3E4488E029380F5A0098891C /* ProductItemView.swift in Sources */,
				3E4488EE293883D60098891C /* HeaderDetilView.swift in Sources */,
				3E4488E82938808D0098891C /* ProductDetailView.swift in Sources */,
				3E4488EA293882520098891C /* NavigationBarDetailView.swift in Sources */,
				3EEB46062934A364004A2D75 /* TouchDown_mainApp.swift in Sources */,
				3EEB46262934AC08004A2D75 /* Constant.swift in Sources */,
				3E4488D42936C3570098891C /* CategoryModel.swift in Sources */,
				3E4488D82936C6D40098891C /* CategoryGirdView.swift in Sources */,
				3EEB46472935D617004A2D75 /* NavigationBarView.swift in Sources */,
				3E4488E429387E600098891C /* BrandItemView.swift in Sources */,
				3E4488DA2936CE560098891C /* SectionView.swift in Sources */,
				3E4488D62936C4370098891C /* CategoryItemView.swift in Sources */,
				3E032D612935F19700F00DDB /* FeaturedTabView.swift in Sources */,
				3E032D5B2935EF3900F00DDB /* PlayerModel.swift in Sources */,
				3E4488DC29380CF70098891C /* TitleView.swift in Sources */,
				3E4488DE29380E9C0098891C /* ProductModel.swift in Sources */,
			);
			runOnlyForDeploymentPostprocessing = 0;
		};
/* End PBXSourcesBuildPhase section */

/* Begin XCBuildConfiguration section */
		3EEB460E2934A365004A2D75 /* Debug */ = {
			isa = XCBuildConfiguration;
			buildSettings = {
				ALWAYS_SEARCH_USER_PATHS = NO;
				CLANG_ANALYZER_NONNULL = YES;
				CLANG_ANALYZER_NUMBER_OBJECT_CONVERSION = YES_AGGRESSIVE;
				CLANG_CXX_LANGUAGE_STANDARD = "gnu++20";
				CLANG_ENABLE_MODULES = YES;
				CLANG_ENABLE_OBJC_ARC = YES;
				CLANG_ENABLE_OBJC_WEAK = YES;
				CLANG_WARN_BLOCK_CAPTURE_AUTORELEASING = YES;
				CLANG_WARN_BOOL_CONVERSION = YES;
				CLANG_WARN_COMMA = YES;
				CLANG_WARN_CONSTANT_CONVERSION = YES;
				CLANG_WARN_DEPRECATED_OBJC_IMPLEMENTATIONS = YES;
				CLANG_WARN_DIRECT_OBJC_ISA_USAGE = YES_ERROR;
				CLANG_WARN_DOCUMENTATION_COMMENTS = YES;
				CLANG_WARN_EMPTY_BODY = YES;
				CLANG_WARN_ENUM_CONVERSION = YES;
				CLANG_WARN_INFINITE_RECURSION = YES;
				CLANG_WARN_INT_CONVERSION = YES;
				CLANG_WARN_NON_LITERAL_NULL_CONVERSION = YES;
				CLANG_WARN_OBJC_IMPLICIT_RETAIN_SELF = YES;
				CLANG_WARN_OBJC_LITERAL_CONVERSION = YES;
				CLANG_WARN_OBJC_ROOT_CLASS = YES_ERROR;
				CLANG_WARN_QUOTED_INCLUDE_IN_FRAMEWORK_HEADER = YES;
				CLANG_WARN_RANGE_LOOP_ANALYSIS = YES;
				CLANG_WARN_STRICT_PROTOTYPES = YES;
				CLANG_WARN_SUSPICIOUS_MOVE = YES;
				CLANG_WARN_UNGUARDED_AVAILABILITY = YES_AGGRESSIVE;
				CLANG_WARN_UNREACHABLE_CODE = YES;
				CLANG_WARN__DUPLICATE_METHOD_MATCH = YES;
				COPY_PHASE_STRIP = NO;
				DEBUG_INFORMATION_FORMAT = dwarf;
				ENABLE_STRICT_OBJC_MSGSEND = YES;
				ENABLE_TESTABILITY = YES;
				GCC_C_LANGUAGE_STANDARD = gnu11;
				GCC_DYNAMIC_NO_PIC = NO;
				GCC_NO_COMMON_BLOCKS = YES;
				GCC_OPTIMIZATION_LEVEL = 0;
				GCC_PREPROCESSOR_DEFINITIONS = (
					"DEBUG=1",
					"$(inherited)",
				);
				GCC_WARN_64_TO_32_BIT_CONVERSION = YES;
				GCC_WARN_ABOUT_RETURN_TYPE = YES_ERROR;
				GCC_WARN_UNDECLARED_SELECTOR = YES;
				GCC_WARN_UNINITIALIZED_AUTOS = YES_AGGRESSIVE;
				GCC_WARN_UNUSED_FUNCTION = YES;
				GCC_WARN_UNUSED_VARIABLE = YES;
				IPHONEOS_DEPLOYMENT_TARGET = 16.1;
				MTL_ENABLE_DEBUG_INFO = INCLUDE_SOURCE;
				MTL_FAST_MATH = YES;
				ONLY_ACTIVE_ARCH = YES;
				SDKROOT = iphoneos;
				SWIFT_ACTIVE_COMPILATION_CONDITIONS = DEBUG;
				SWIFT_OPTIMIZATION_LEVEL = "-Onone";
			};
			name = Debug;
		};
		3EEB460F2934A365004A2D75 /* Release */ = {
			isa = XCBuildConfiguration;
			buildSettings = {
				ALWAYS_SEARCH_USER_PATHS = NO;
				CLANG_ANALYZER_NONNULL = YES;
				CLANG_ANALYZER_NUMBER_OBJECT_CONVERSION = YES_AGGRESSIVE;
				CLANG_CXX_LANGUAGE_STANDARD = "gnu++20";
				CLANG_ENABLE_MODULES = YES;
				CLANG_ENABLE_OBJC_ARC = YES;
				CLANG_ENABLE_OBJC_WEAK = YES;
				CLANG_WARN_BLOCK_CAPTURE_AUTORELEASING = YES;
				CLANG_WARN_BOOL_CONVERSION = YES;
				CLANG_WARN_COMMA = YES;
				CLANG_WARN_CONSTANT_CONVERSION = YES;
				CLANG_WARN_DEPRECATED_OBJC_IMPLEMENTATIONS = YES;
				CLANG_WARN_DIRECT_OBJC_ISA_USAGE = YES_ERROR;
				CLANG_WARN_DOCUMENTATION_COMMENTS = YES;
				CLANG_WARN_EMPTY_BODY = YES;
				CLANG_WARN_ENUM_CONVERSION = YES;
				CLANG_WARN_INFINITE_RECURSION = YES;
				CLANG_WARN_INT_CONVERSION = YES;
				CLANG_WARN_NON_LITERAL_NULL_CONVERSION = YES;
				CLANG_WARN_OBJC_IMPLICIT_RETAIN_SELF = YES;
				CLANG_WARN_OBJC_LITERAL_CONVERSION = YES;
				CLANG_WARN_OBJC_ROOT_CLASS = YES_ERROR;
				CLANG_WARN_QUOTED_INCLUDE_IN_FRAMEWORK_HEADER = YES;
				CLANG_WARN_RANGE_LOOP_ANALYSIS = YES;
				CLANG_WARN_STRICT_PROTOTYPES = YES;
				CLANG_WARN_SUSPICIOUS_MOVE = YES;
				CLANG_WARN_UNGUARDED_AVAILABILITY = YES_AGGRESSIVE;
				CLANG_WARN_UNREACHABLE_CODE = YES;
				CLANG_WARN__DUPLICATE_METHOD_MATCH = YES;
				COPY_PHASE_STRIP = NO;
				DEBUG_INFORMATION_FORMAT = "dwarf-with-dsym";
				ENABLE_NS_ASSERTIONS = NO;
				ENABLE_STRICT_OBJC_MSGSEND = YES;
				GCC_C_LANGUAGE_STANDARD = gnu11;
				GCC_NO_COMMON_BLOCKS = YES;
				GCC_WARN_64_TO_32_BIT_CONVERSION = YES;
				GCC_WARN_ABOUT_RETURN_TYPE = YES_ERROR;
				GCC_WARN_UNDECLARED_SELECTOR = YES;
				GCC_WARN_UNINITIALIZED_AUTOS = YES_AGGRESSIVE;
				GCC_WARN_UNUSED_FUNCTION = YES;
				GCC_WARN_UNUSED_VARIABLE = YES;
				IPHONEOS_DEPLOYMENT_TARGET = 16.1;
				MTL_ENABLE_DEBUG_INFO = NO;
				MTL_FAST_MATH = YES;
				SDKROOT = iphoneos;
				SWIFT_COMPILATION_MODE = wholemodule;
				SWIFT_OPTIMIZATION_LEVEL = "-O";
				VALIDATE_PRODUCT = YES;
			};
			name = Release;
		};
		3EEB46112934A365004A2D75 /* Debug */ = {
			isa = XCBuildConfiguration;
			buildSettings = {
				ASSETCATALOG_COMPILER_APPICON_NAME = AppIcon;
				ASSETCATALOG_COMPILER_GLOBAL_ACCENT_COLOR_NAME = AccentColor;
				CODE_SIGN_STYLE = Automatic;
				CURRENT_PROJECT_VERSION = 1;
				DEVELOPMENT_ASSET_PATHS = "\"TouchDown-main/Preview Content\"";
				ENABLE_PREVIEWS = YES;
				GENERATE_INFOPLIST_FILE = YES;
				INFOPLIST_FILE = "TouchDown-main/Info.plist";
				INFOPLIST_KEY_UIApplicationSceneManifest_Generation = YES;
				INFOPLIST_KEY_UIApplicationSupportsIndirectInputEvents = YES;
				INFOPLIST_KEY_UISupportedInterfaceOrientations = UIInterfaceOrientationPortrait;
				INFOPLIST_KEY_UIUserInterfaceStyle = Light;
				LD_RUNPATH_SEARCH_PATHS = (
					"$(inherited)",
					"@executable_path/Frameworks",
				);
				MARKETING_VERSION = 1.0;
				PRODUCT_BUNDLE_IDENTIFIER = "com.mena.TouchDown-main";
				PRODUCT_NAME = "$(TARGET_NAME)";
				SWIFT_EMIT_LOC_STRINGS = YES;
				SWIFT_VERSION = 5.0;
				TARGETED_DEVICE_FAMILY = "1,2";
			};
			name = Debug;
		};
		3EEB46122934A365004A2D75 /* Release */ = {
			isa = XCBuildConfiguration;
			buildSettings = {
				ASSETCATALOG_COMPILER_APPICON_NAME = AppIcon;
				ASSETCATALOG_COMPILER_GLOBAL_ACCENT_COLOR_NAME = AccentColor;
				CODE_SIGN_STYLE = Automatic;
				CURRENT_PROJECT_VERSION = 1;
				DEVELOPMENT_ASSET_PATHS = "\"TouchDown-main/Preview Content\"";
				ENABLE_PREVIEWS = YES;
				GENERATE_INFOPLIST_FILE = YES;
				INFOPLIST_FILE = "TouchDown-main/Info.plist";
				INFOPLIST_KEY_UIApplicationSceneManifest_Generation = YES;
				INFOPLIST_KEY_UIApplicationSupportsIndirectInputEvents = YES;
				INFOPLIST_KEY_UISupportedInterfaceOrientations = UIInterfaceOrientationPortrait;
				INFOPLIST_KEY_UIUserInterfaceStyle = Light;
				LD_RUNPATH_SEARCH_PATHS = (
					"$(inherited)",
					"@executable_path/Frameworks",
				);
				MARKETING_VERSION = 1.0;
				PRODUCT_BUNDLE_IDENTIFIER = "com.mena.TouchDown-main";
				PRODUCT_NAME = "$(TARGET_NAME)";
				SWIFT_EMIT_LOC_STRINGS = YES;
				SWIFT_VERSION = 5.0;
				TARGETED_DEVICE_FAMILY = "1,2";
			};
			name = Release;
		};
/* End XCBuildConfiguration section */

/* Begin XCConfigurationList section */
		3EEB45FD2934A364004A2D75 /* Build configuration list for PBXProject "TouchDown-main" */ = {
			isa = XCConfigurationList;
			buildConfigurations = (
				3EEB460E2934A365004A2D75 /* Debug */,
				3EEB460F2934A365004A2D75 /* Release */,
			);
			defaultConfigurationIsVisible = 0;
			defaultConfigurationName = Release;
		};
		3EEB46102934A365004A2D75 /* Build configuration list for PBXNativeTarget "TouchDown-main" */ = {
			isa = XCConfigurationList;
			buildConfigurations = (
				3EEB46112934A365004A2D75 /* Debug */,
				3EEB46122934A365004A2D75 /* Release */,
			);
			defaultConfigurationIsVisible = 0;
			defaultConfigurationName = Release;
		};
/* End XCConfigurationList section */
	};
	rootObject = 3EEB45FA2934A364004A2D75 /* Project object */;
}
